
Microsoft Visual Studio Solution File, Format Version 12.00
# Visual Studio 14
VisualStudioVersion = 14.0.25420.1
MinimumVisualStudioVersion = 10.0.40219.1
Project("{FAE04EC0-301F-11D3-BF4B-00C04F79EFBC}") = "LiveTesting", "LiveTesting\LiveTesting.csproj", "{2FC678D5-CDEF-4D51-8798-CF69A91BF319}"
EndProject
Project("{FAE04EC0-301F-11D3-BF4B-00C04F79EFBC}") = "LiveTesting.Data", "LiveTestingData\LiveTesting.Data.csproj", "{D53CEAE6-F0E3-4C38-9737-5F59F2082637}"
EndProject
Project("{FAE04EC0-301F-11D3-BF4B-00C04F79EFBC}") = "LiveTesting.Models", "LiveTesting.Models\LiveTesting.Models.csproj", "{4A43450D-0072-4B05-850C-B6E33B3CFFF4}"
EndProject
Global
	GlobalSection(SolutionConfigurationPlatforms) = preSolution
		Debug|Any CPU = Debug|Any CPU
		Release|Any CPU = Release|Any CPU
	EndGlobalSection
	GlobalSection(ProjectConfigurationPlatforms) = postSolution
		{2FC678D5-CDEF-4D51-8798-CF69A91BF319}.Debug|Any CPU.ActiveCfg = Debug|Any CPU
		{2FC678D5-CDEF-4D51-8798-CF69A91BF319}.Debug|Any CPU.Build.0 = Debug|Any CPU
		{2FC678D5-CDEF-4D51-8798-CF69A91BF319}.Release|Any CPU.ActiveCfg = Release|Any CPU
		{2FC678D5-CDEF-4D51-8798-CF69A91BF319}.Release|Any CPU.Build.0 = Release|Any CPU
		{D53CEAE6-F0E3-4C38-9737-5F59F2082637}.Debug|Any CPU.ActiveCfg = Debug|Any CPU
		{D53CEAE6-F0E3-4C38-9737-5F59F2082637}.Debug|Any CPU.Build.0 = Debug|Any CPU
		{D53CEAE6-F0E3-4C38-9737-5F59F2082637}.Release|Any CPU.ActiveCfg = Release|Any CPU
		{D53CEAE6-F0E3-4C38-9737-5F59F2082637}.Release|Any CPU.Build.0 = Release|Any CPU
		{4A43450D-0072-4B05-850C-B6E33B3CFFF4}.Debug|Any CPU.ActiveCfg = Debug|Any CPU
		{4A43450D-0072-4B05-850C-B6E33B3CFFF4}.Debug|Any CPU.Build.0 = Debug|Any CPU
		{4A43450D-0072-4B05-850C-B6E33B3CFFF4}.Release|Any CPU.ActiveCfg = Release|Any CPU
		{4A43450D-0072-4B05-850C-B6E33B3CFFF4}.Release|Any CPU.Build.0 = Release|Any CPU
	EndGlobalSection
	GlobalSection(SolutionProperties) = preSolution
		HideSolutionNode = FALSE
	EndGlobalSection
EndGlobal
